github.com/alecthomas/jsonschema v0.0.0-20201129101101-7b852d451add h1:UWj2AVW7oygpatGgJRy6rvNBcl+J7u8vl6qTV+XNWzA=
github.com/alecthomas/jsonschema v0.0.0-20201129101101-7b852d451add/go.mod h1:/n6+1/DWPltRLWL/VKyUxg6tzsl5kHUCcraimt4vr60=
github.com/arduino/go-paths-helper v1.2.0 h1:qDW93PR5IZUN/jzO4rCtexiwF8P4OIcOmcSgAYLZfY4=
github.com/arduino/go-paths-helper v1.2.0/go.mod h1:HpxtKph+g238EJHq4geEPv9p+gl3v5YYu35Yb+w31Ck=
github.com/codeclysm/extract/v3 v3.0.2 h1:sB4LcE3Php7LkhZwN0n2p8GCwZe92PEQutdbGURf5xc=
github.com/codeclysm/extract/v3 v3.0.2/go.mod h1:NKsw+hqua9H+Rlwy/w/3Qgt9jDonYEgB6wJu+25eOKw=
github.com/davecgh/go-spew v1.1.0 h1:ZDRjVQ15GmhC3fiQ8ni8+OwkZQO4DARzQgrnXU1Liz8=
github.com/davecgh/go-spew v1.1.0/go.mod h1:J7Y8YcW2NihsgmVo/mv3lAwl/skON4iLHjSsI+c5H38=
github.com/davecgh/go-spew v1.1.1 h1:vj9j/u1bqnvCEfJOwUhtlOARqs3+rkHYY13jYWTU97c=
github.com/davecgh/go-spew v1.1.1/go.mod h1:J7Y8YcW2NihsgmVo/mv3lAwl/skON4iLHjSsI+c5H38=
github.com/fcjr/aia-transport-go v1.2.1 h1:a40mu8FRRXZy45aTb8uWh9I9h+R6Roewa8+OA/wYHPo=
github.com/fcjr/aia-transport-go v1.2.1/go.mod h1:onSqSq3tGkM14WusDx7q9FTheS9R1KBtD+QBWI6zG/w=
github.com/ghodss/yaml v1.0.0 h1:wQHKEahhL6wmXdzwWG11gIVCkOv05bNOh+Rxn0yngAk=
github.com/ghodss/yaml v1.0.0/go.mod h1:4dBDuWmgqj2HViK6kFavaiC9ZROes6MMH2rRYeMEF04=
github.com/google/gofuzz v1.0.0/go.mod h1:dBl0BpW6vV/+mYPU4Po3pmUjxk6FQPldtuIdl/M65Eg=
github.com/h2non/filetype v1.0.6 h1:g84/+gdkAT1hnYO+tHpCLoikm13Ju55OkN4KCb1uGEQ=
github.com/h2non/filetype v1.0.6/go.mod h1:isekKqOuhMj+s/7r3rIeTErIRy4Rub5uBWHfvMusLMU=
github.com/iancoleman/orderedmap v0.0.0-20190318233801-ac98e3ecb4b0 h1:i462o439ZjprVSFSZLZxcsoAe592sZB1rci2Z8j4wdk=
github.com/iancoleman/orderedmap v0.0.0-20190318233801-ac98e3ecb4b0/go.mod h1:N0Wam8K1arqPXNWjMo21EXnBPOPp36vB07FNRdD2geA=
github.com/jhuntwork/aia-transport-go v1.2.2-0.20201206175750-f458d9e5bd9f h1:FoIfJiucKMF7cnsz/2O5khGRCC465iCsyFM979Nny/E=
github.com/jhuntwork/aia-transport-go v1.2.2-0.20201206175750-f458d9e5bd9f/go.mod h1:sjpLecr+qEiYSsQkF34eQAwt6dCz5qsvGLZPfqqLr3k=
github.com/json-iterator/go v1.1.10 h1:Kz6Cvnvv2wGdaG/V8yMvfkmNiXq9Ya2KUv4rouJJr68=
github.com/json-iterator/go v1.1.10/go.mod h1:KdQUCv79m/52Kvf8AW2vK1V8akMuk1QjK/uOdHXbAo4=
github.com/juju/clock v0.0.0-20180524022203-d293bb356ca4/go.mod h1:nD0vlnrUjcjJhqN5WuCWZyzfd5AHZAC9/ajvbSx69xA=
github.com/juju/errors v0.0.0-20150916125642-1b5e39b83d18/go.mod h1:W54LbzXuIE0boCoNJfwqpmkKJ1O4TCTZMetAt6jGk7Q=
github.com/juju/errors v0.0.0-20181118221551-089d3ea4e4d5 h1:rhqTjzJlm7EbkELJDKMTU7udov+Se0xZkWmugr6zGok=
github.com/juju/errors v0.0.0-20181118221551-089d3ea4e4d5/go.mod h1:W54LbzXuIE0boCoNJfwqpmkKJ1O4TCTZMetAt6jGk7Q=
github.com/juju/loggo v0.0.0-20170605014607-8232ab8918d9 h1:Y+lzErDTURqeXqlqYi4YBYbDd7ycU74gW1ADt57/bgY=
github.com/juju/loggo v0.0.0-20170605014607-8232ab8918d9/go.mod h1:vgyd7OREkbtVEN/8IXZe5Ooef3LQePvuBm9UWj6ZL8U=
github.com/juju/retry v0.0.0-20160928201858-1998d01ba1c3/go.mod h1:OohPQGsr4pnxwD5YljhQ+TZnuVRYpa5irjugL1Yuif4=
github.com/juju/testing v0.0.0-20200510222523-6c8c298c77a0 h1:+WWUkhnTjV6RNOxkcwk79qrjeyHEHvBzlneueBsatX4=
github.com/juju/testing v0.0.0-20200510222523-6c8c298c77a0/go.mod h1:hpGvhGHPVbNBraRLZEhoQwFLMrjK8PSlO4D3nDjKYXo=
github.com/juju/utils v0.0.0-20180808125547-9dfc6dbfb02b/go.mod h1:6/KLg8Wz/y2KVGWEpkK9vMNGkOnu4k/cqs8Z1fKjTOk=
github.com/juju/version v0.0.0-20161031051906-1f41e27e54f2/go.mod h1:kE8gK5X0CImdr7qpSKl3xB2PmpySSmfj7zVbkZFs81U=
github.com/kr/pty v1.1.1/go.mod h1:pFQYn66WHrOpPYNljwOMqo10TkYh1fy3cYio2l3bCsQ=
github.com/kr/text v0.1.0 h1:45sCR5RtlFHMR4UwH9sdQ5TC8v0qDQCHnXt+kaKSTVE=
github.com/kr/text v0.1.0/go.mod h1:4Jbv+DJW3UT/LiOwJeYQe1efqtUx/iVham/4vfdArNI=
github.com/modern-go/concurrent v0.0.0-20180228061459-e0a39a4cb421 h1:ZqeYNhU3OHLH3mGKHDcjJRFFRrJa6eAM5H+CtDdOsPc=
github.com/modern-go/concurrent v0.0.0-20180228061459-e0a39a4cb421/go.mod h1:6dJC0mAP4ikYIbvyc7fijjWJddQyLn8Ig3JB5CqoB9Q=
github.com/modern-go/reflect2 v0.0.0-20180701023420-4b7aa43c6742 h1:Esafd1046DLDQ0W1YjYsBW+p8U2u7vzgW2SQVmlNazg=
github.com/modern-go/reflect2 v0.0.0-20180701023420-4b7aa43c6742/go.mod h1:bx2lNnkwVCuqBIxFjflWJWanXIb3RllmbCylyMrvgv0=
github.com/niemeyer/pretty v0.0.0-20200227124842-a10e7caefd8e h1:fD57ERR4JtEqsWbfPhv4DMiApHyliiK5xCTNVSPiaAs=
github.com/niemeyer/pretty v0.0.0-20200227124842-a10e7caefd8e/go.mod h1:zD1mROLANZcx1PVRCS0qkT7pwLkGfwJo4zjcN/Tysno=
github.com/pmezard/go-difflib v1.0.0 h1:4DBwDE0NGyQoBHbLQYPwSUPoCMWR5BEzIk/f1lZbAQM=
github.com/pmezard/go-difflib v1.0.0/go.mod h1:iKH77koFhYxTK1pcRnkKkqfTogsbg7gZNVY4sRDYZ/4=
github.com/stretchr/objx v0.1.0 h1:4G4v2dO3VZwixGIRoQ5Lfboy6nUhCyYzaqnIAPPhYs4=
github.com/stretchr/objx v0.1.0/go.mod h1:HFkY916IF+rwdDfMAkV7OtwuqBVzrE8GR6GFx+wExME=
github.com/stretchr/testify v1.3.0 h1:TivCn/peBQ7UY8ooIcPgZFpTNSz0Q2U6UrFlUfqbe0Q=
github.com/stretchr/testify v1.3.0/go.mod h1:M5WIy9Dh21IEIfnGCwXGc5bZfKNJtfHm1UVUgZn+9EI=
github.com/stretchr/testify v1.3.1-0.20190311161405-34c6fa2dc709 h1:Ko2LQMrRU+Oy/+EDBwX7eZ2jp3C47eDBB8EIhKTun+I=
github.com/stretchr/testify v1.3.1-0.20190311161405-34c6fa2dc709/go.mod h1:M5WIy9Dh21IEIfnGCwXGc5bZfKNJtfHm1UVUgZn+9EI=
github.com/stretchr/testify v1.7.0 h1:nwc3DEeHmmLAfoZucVR881uASk0Mfjw8xYJ99tb5CcY=
github.com/stretchr/testify v1.7.0/go.mod h1:6Fq8oRcR53rry900zMqJjRRixrwX3KX962/h/Wwjteg=
github.com/xeipuuv/gojsonpointer v0.0.0-20180127040702-4e3ac2762d5f h1:J9EGpcZtP0E/raorCMxlFGSTBrsSlaDGf3jU/qvAE2c=
github.com/xeipuuv/gojsonpointer v0.0.0-20180127040702-4e3ac2762d5f/go.mod h1:N2zxlSyiKSe5eX1tZViRH5QA0qijqEDrYZiPEAiq3wU=
github.com/xeipuuv/gojsonreference v0.0.0-20180127040603-bd5ef7bd5415 h1:EzJWgHovont7NscjpAxXsDA8S8BMYve8Y5+7cuRE7R0=
github.com/xeipuuv/gojsonreference v0.0.0-20180127040603-bd5ef7bd5415/go.mod h1:GwrjFmJcFw6At/Gs6z4yjiIwzuJ1/+UwLxMQDVQXShQ=
github.com/xeipuuv/gojsonschema v1.2.0 h1:LhYJRs+L4fBtjZUfuSZIKGeVu0QRy8e5Xi7D17UxZ74=
github.com/xeipuuv/gojsonschema v1.2.0/go.mod h1:anYRn/JVcOK2ZgGU+IjEV4nwlhoK5sQluxsYJ78Id3Y=
github.com/zeebo/assert v0.0.0-20181109011804-10f827ce2ed6/go.mod h1:yssERNPivllc1yU3BvpjYI5BUW+zglcz6QWqeVRL5t0=
github.com/zeebo/assert v1.1.0 h1:hU1L1vLTHsnO8x8c9KAR5GmM5QscxHg5RNU5z5qbUWY=
github.com/zeebo/assert v1.1.0/go.mod h1:Pq9JiuJQpG8JLJdtkwrJESF0Foym2/D9XMU5ciN/wJ0=
github.com/zeebo/blake3 v0.1.0 h1:sP3n5SxSbzU8x4Svc4ZcQv7SmQOqCkiKBeAZWP+hePo=
github.com/zeebo/blake3 v0.1.0/go.mod h1:YOZo8A49yNqM0X/Y+JmDUZshJWLt1laHsNSn5ny2i34=
github.com/zeebo/pcg v0.0.0-20181207190024-3cdc6b625a05 h1:4pW5fMvVkrgkMXdvIsVRRTs69DWYA8uNNQsu1stfVKU=
github.com/zeebo/pcg v0.0.0-20181207190024-3cdc6b625a05/go.mod h1:Gr+78ptB0MwXxm//LBaEvBiaXY7hXJ6KGe2V32X2F6E=
golang.org/x/crypto v0.0.0-20180214000028-650f4a345ab4/go.mod h1:6SG95UA2DQfeDnfUPMdvaQW0Q7yPrPDi9nlGo2tz2b4=
golang.org/x/net v0.0.0-20180406214816-61147c48b25b/go.mod h1:mL1N/T3taQHkDXs73rZJwtUhF3w3ftmwwsq0BUmARs4=
golang.org/x/sys v0.0.0-20200202164722-d101bd2416d5 h1:LfCXLvNmTYH9kEmVgqbnsWfruoXZIrh4YBgqVHtDvw0=
golang.org/x/sys v0.0.0-20200202164722-d101bd2416d5/go.mod h1:h1NjWce9XRLGQEsW7wpKNCjG9DtNlClVuFLEZdDNbEs=
gopkg.in/check.v1 v0.0.0-20161208181325-20d25e280405 h1:yhCVgyC4o1eVCa2tZl7eS0r+SDo693bJlVdllGtEeKM=
gopkg.in/check.v1 v0.0.0-20161208181325-20d25e280405/go.mod h1:Co6ibVJAznAaIkqp8huTwlJQCZ016jof/cbN4VW5Yz0=
gopkg.in/check.v1 v1.0.0-20160105164936-4f90aeace3a2/go.mod h1:Co6ibVJAznAaIkqp8huTwlJQCZ016jof/cbN4VW5Yz0=
gopkg.in/check.v1 v1.0.0-20200227125254-8fa46927fb4f h1:BLraFXnmrev5lT+xlilqcH8XK9/i0At2xKjWk4p6zsU=
gopkg.in/check.v1 v1.0.0-20200227125254-8fa46927fb4f/go.mod h1:Co6ibVJAznAaIkqp8huTwlJQCZ016jof/cbN4VW5Yz0=
gopkg.in/mgo.v2 v2.0.0-20160818015218-f2b6f6c918c4 h1:hILp2hNrRnYjZpmIbx70psAHbBSEcQ1NIzDcUbJ1b6g=
gopkg.in/mgo.v2 v2.0.0-20160818015218-f2b6f6c918c4/go.mod h1:yeKp02qBN3iKW1OzL3MGk2IdtZzaj7SFntXj72NppTA=
gopkg.in/yaml.v2 v2.0.0-20170712054546-1be3d31502d6 h1:CvAnnm1XvMjfib69SZzDwgWfOk+PxYz0hA0HBupilBA=
gopkg.in/yaml.v2 v2.0.0-20170712054546-1be3d31502d6/go.mod h1:JAlM8MvJe8wmxCU4Bli9HhUf9+ttbYbLASfIpnQbh74=
gopkg.in/yaml.v3 v3.0.0-20200313102051-9f266ea9e77c h1:dUUwHk2QECo/6vqA44rthZ8ie2QXMNeKRTHCNY2nXvo=
gopkg.in/yaml.v3 v3.0.0-20200313102051-9f266ea9e77c/go.mod h1:K4uyk7z7BCEPqu6E+C64Yfv1cQ7kz7rIZviUmN+EgEM=
